// !$*UTF8*$!
{
	archiveVersion = 1;
	classes = {
	};
	objectVersion = 50;
	objects = {

/* Begin PBXBuildFile section */
		D9879F3925F8780700243356 /* CreationViewController.swift in Sources */ = {isa = PBXBuildFile; fileRef = D9879F3825F8780700243356 /* CreationViewController.swift */; };
		D9A2C81C25E9A614000104B8 /* AppDelegate.swift in Sources */ = {isa = PBXBuildFile; fileRef = D9A2C81B25E9A614000104B8 /* AppDelegate.swift */; };
		D9A2C81E25E9A614000104B8 /* SceneDelegate.swift in Sources */ = {isa = PBXBuildFile; fileRef = D9A2C81D25E9A614000104B8 /* SceneDelegate.swift */; };
		D9A2C82025E9A614000104B8 /* ViewController.swift in Sources */ = {isa = PBXBuildFile; fileRef = D9A2C81F25E9A614000104B8 /* ViewController.swift */; };
		D9A2C82325E9A614000104B8 /* Main.storyboard in Resources */ = {isa = PBXBuildFile; fileRef = D9A2C82125E9A614000104B8 /* Main.storyboard */; };
		D9A2C82525E9A61A000104B8 /* Assets.xcassets in Resources */ = {isa = PBXBuildFile; fileRef = D9A2C82425E9A61A000104B8 /* Assets.xcassets */; };
		D9A2C82825E9A61A000104B8 /* LaunchScreen.storyboard in Resources */ = {isa = PBXBuildFile; fileRef = D9A2C82625E9A61A000104B8 /* LaunchScreen.storyboard */; };
		D9A2C83325E9A61A000104B8 /* My_FlashcardsTests.swift in Sources */ = {isa = PBXBuildFile; fileRef = D9A2C83225E9A61A000104B8 /* My_FlashcardsTests.swift */; };
		D9A2C83E25E9A61A000104B8 /* My_FlashcardsUITests.swift in Sources */ = {isa = PBXBuildFile; fileRef = D9A2C83D25E9A61A000104B8 /* My_FlashcardsUITests.swift */; };
/* End PBXBuildFile section */

/* Begin PBXContainerItemProxy section */
		D9A2C82F25E9A61A000104B8 /* PBXContainerItemProxy */ = {
			isa = PBXContainerItemProxy;
			containerPortal = D9A2C81025E9A614000104B8 /* Project object */;
			proxyType = 1;
			remoteGlobalIDString = D9A2C81725E9A614000104B8;
			remoteInfo = "My Flashcards";
		};
		D9A2C83A25E9A61A000104B8 /* PBXContainerItemProxy */ = {
			isa = PBXContainerItemProxy;
			containerPortal = D9A2C81025E9A614000104B8 /* Project object */;
			proxyType = 1;
			remoteGlobalIDString = D9A2C81725E9A614000104B8;
			remoteInfo = "My Flashcards";
		};
/* End PBXContainerItemProxy section */

/* Begin PBXFileReference section */
		D9879F3825F8780700243356 /* CreationViewController.swift */ = {isa = PBXFileReference; lastKnownFileType = sourcecode.swift; path = CreationViewController.swift; sourceTree = "<group>"; };
		D9A2C81825E9A614000104B8 /* My Flashcards.app */ = {isa = PBXFileReference; explicitFileType = wrapper.application; includeInIndex = 0; path = "My Flashcards.app"; sourceTree = BUILT_PRODUCTS_DIR; };
		D9A2C81B25E9A614000104B8 /* AppDelegate.swift */ = {isa = PBXFileReference; lastKnownFileType = sourcecode.swift; path = AppDelegate.swift; sourceTree = "<group>"; };
		D9A2C81D25E9A614000104B8 /* SceneDelegate.swift */ = {isa = PBXFileReference; lastKnownFileType = sourcecode.swift; path = SceneDelegate.swift; sourceTree = "<group>"; };
		D9A2C81F25E9A614000104B8 /* ViewController.swift */ = {isa = PBXFileReference; lastKnownFileType = sourcecode.swift; path = ViewController.swift; sourceTree = "<group>"; };
		D9A2C82225E9A614000104B8 /* Base */ = {isa = PBXFileReference; lastKnownFileType = file.storyboard; name = Base; path = Base.lproj/Main.storyboard; sourceTree = "<group>"; };
		D9A2C82425E9A61A000104B8 /* Assets.xcassets */ = {isa = PBXFileReference; lastKnownFileType = folder.assetcatalog; path = Assets.xcassets; sourceTree = "<group>"; };
		D9A2C82725E9A61A000104B8 /* Base */ = {isa = PBXFileReference; lastKnownFileType = file.storyboard; name = Base; path = Base.lproj/LaunchScreen.storyboard; sourceTree = "<group>"; };
		D9A2C82925E9A61A000104B8 /* Info.plist */ = {isa = PBXFileReference; lastKnownFileType = text.plist.xml; path = Info.plist; sourceTree = "<group>"; };
		D9A2C82E25E9A61A000104B8 /* My FlashcardsTests.xctest */ = {isa = PBXFileReference; explicitFileType = wrapper.cfbundle; includeInIndex = 0; path = "My FlashcardsTests.xctest"; sourceTree = BUILT_PRODUCTS_DIR; };
		D9A2C83225E9A61A000104B8 /* My_FlashcardsTests.swift */ = {isa = PBXFileReference; lastKnownFileType = sourcecode.swift; path = My_FlashcardsTests.swift; sourceTree = "<group>"; };
		D9A2C83425E9A61A000104B8 /* Info.plist */ = {isa = PBXFileReference; lastKnownFileType = text.plist.xml; path = Info.plist; sourceTree = "<group>"; };
		D9A2C83925E9A61A000104B8 /* My FlashcardsUITests.xctest */ = {isa = PBXFileReference; explicitFileType = wrapper.cfbundle; includeInIndex = 0; path = "My FlashcardsUITests.xctest"; sourceTree = BUILT_PRODUCTS_DIR; };
		D9A2C83D25E9A61A000104B8 /* My_FlashcardsUITests.swift */ = {isa = PBXFileReference; lastKnownFileType = sourcecode.swift; path = My_FlashcardsUITests.swift; sourceTree = "<group>"; };
		D9A2C83F25E9A61A000104B8 /* Info.plist */ = {isa = PBXFileReference; lastKnownFileType = text.plist.xml; path = Info.plist; sourceTree = "<group>"; };
/* End PBXFileReference section */

/* Begin PBXFrameworksBuildPhase section */
		D9A2C81525E9A614000104B8 /* Frameworks */ = {
			isa = PBXFrameworksBuildPhase;
			buildActionMask = 2147483647;
			files = (
			);
			runOnlyForDeploymentPostprocessing = 0;
		};
		D9A2C82B25E9A61A000104B8 /* Frameworks */ = {
			isa = PBXFrameworksBuildPhase;
			buildActionMask = 2147483647;
			files = (
			);
			runOnlyForDeploymentPostprocessing = 0;
		};
		D9A2C83625E9A61A000104B8 /* Frameworks */ = {
			isa = PBXFrameworksBuildPhase;
			buildActionMask = 2147483647;
			files = (
			);
			runOnlyForDeploymentPostprocessing = 0;
		};
/* End PBXFrameworksBuildPhase section */

/* Begin PBXGroup section */
		D9A2C80F25E9A614000104B8 = {
			isa = PBXGroup;
			children = (
				D9A2C81A25E9A614000104B8 /* My Flashcards */,
				D9A2C83125E9A61A000104B8 /* My FlashcardsTests */,
				D9A2C83C25E9A61A000104B8 /* My FlashcardsUITests */,
				D9A2C81925E9A614000104B8 /* Products */,
			);
			sourceTree = "<group>";
		};
		D9A2C81925E9A614000104B8 /* Products */ = {
			isa = PBXGroup;
			children = (
				D9A2C81825E9A614000104B8 /* My Flashcards.app */,
				D9A2C82E25E9A61A000104B8 /* My FlashcardsTests.xctest */,
				D9A2C83925E9A61A000104B8 /* My FlashcardsUITests.xctest */,
			);
			name = Products;
			sourceTree = "<group>";
		};
		D9A2C81A25E9A614000104B8 /* My Flashcards */ = {
			isa = PBXGroup;
			children = (
				D9A2C81B25E9A614000104B8 /* AppDelegate.swift */,
				D9A2C81D25E9A614000104B8 /* SceneDelegate.swift */,
				D9A2C81F25E9A614000104B8 /* ViewController.swift */,
				D9A2C82125E9A614000104B8 /* Main.storyboard */,
				D9879F3825F8780700243356 /* CreationViewController.swift */,
				D9A2C82425E9A61A000104B8 /* Assets.xcassets */,
				D9A2C82625E9A61A000104B8 /* LaunchScreen.storyboard */,
				D9A2C82925E9A61A000104B8 /* Info.plist */,
			);
			path = "My Flashcards";
			sourceTree = "<group>";
		};
		D9A2C83125E9A61A000104B8 /* My FlashcardsTests */ = {
			isa = PBXGroup;
			children = (
				D9A2C83225E9A61A000104B8 /* My_FlashcardsTests.swift */,
				D9A2C83425E9A61A000104B8 /* Info.plist */,
			);
			path = "My FlashcardsTests";
			sourceTree = "<group>";
		};
		D9A2C83C25E9A61A000104B8 /* My FlashcardsUITests */ = {
			isa = PBXGroup;
			children = (
				D9A2C83D25E9A61A000104B8 /* My_FlashcardsUITests.swift */,
				D9A2C83F25E9A61A000104B8 /* Info.plist */,
			);
			path = "My FlashcardsUITests";
			sourceTree = "<group>";
		};
/* End PBXGroup section */

/* Begin PBXNativeTarget section */
		D9A2C81725E9A614000104B8 /* My Flashcards */ = {
			isa = PBXNativeTarget;
			buildConfigurationList = D9A2C84225E9A61A000104B8 /* Build configuration list for PBXNativeTarget "My Flashcards" */;
			buildPhases = (
				D9A2C81425E9A614000104B8 /* Sources */,
				D9A2C81525E9A614000104B8 /* Frameworks */,
				D9A2C81625E9A614000104B8 /* Resources */,
			);
			buildRules = (
			);
			dependencies = (
			);
			name = "My Flashcards";
			productName = "My Flashcards";
			productReference = D9A2C81825E9A614000104B8 /* My Flashcards.app */;
			productType = "com.apple.product-type.application";
		};
		D9A2C82D25E9A61A000104B8 /* My FlashcardsTests */ = {
			isa = PBXNativeTarget;
			buildConfigurationList = D9A2C84525E9A61A000104B8 /* Build configuration list for PBXNativeTarget "My FlashcardsTests" */;
			buildPhases = (
				D9A2C82A25E9A61A000104B8 /* Sources */,
				D9A2C82B25E9A61A000104B8 /* Frameworks */,
				D9A2C82C25E9A61A000104B8 /* Resources */,
			);
			buildRules = (
			);
			dependencies = (
				D9A2C83025E9A61A000104B8 /* PBXTargetDependency */,
			);
			name = "My FlashcardsTests";
			productName = "My FlashcardsTests";
			productReference = D9A2C82E25E9A61A000104B8 /* My FlashcardsTests.xctest */;
			productType = "com.apple.product-type.bundle.unit-test";
		};
		D9A2C83825E9A61A000104B8 /* My FlashcardsUITests */ = {
			isa = PBXNativeTarget;
			buildConfigurationList = D9A2C84825E9A61A000104B8 /* Build configuration list for PBXNativeTarget "My FlashcardsUITests" */;
			buildPhases = (
				D9A2C83525E9A61A000104B8 /* Sources */,
				D9A2C83625E9A61A000104B8 /* Frameworks */,
				D9A2C83725E9A61A000104B8 /* Resources */,
			);
			buildRules = (
			);
			dependencies = (
				D9A2C83B25E9A61A000104B8 /* PBXTargetDependency */,
			);
			name = "My FlashcardsUITests";
			productName = "My FlashcardsUITests";
			productReference = D9A2C83925E9A61A000104B8 /* My FlashcardsUITests.xctest */;
			productType = "com.apple.product-type.bundle.ui-testing";
		};
/* End PBXNativeTarget section */

/* Begin PBXProject section */
		D9A2C81025E9A614000104B8 /* Project object */ = {
			isa = PBXProject;
			attributes = {
				LastSwiftUpdateCheck = 1240;
				LastUpgradeCheck = 1240;
				TargetAttributes = {
					D9A2C81725E9A614000104B8 = {
						CreatedOnToolsVersion = 12.4;
					};
					D9A2C82D25E9A61A000104B8 = {
						CreatedOnToolsVersion = 12.4;
						TestTargetID = D9A2C81725E9A614000104B8;
					};
					D9A2C83825E9A61A000104B8 = {
						CreatedOnToolsVersion = 12.4;
						TestTargetID = D9A2C81725E9A614000104B8;
					};
				};
			};
			buildConfigurationList = D9A2C81325E9A614000104B8 /* Build configuration list for PBXProject "My Flashcards" */;
			compatibilityVersion = "Xcode 9.3";
			developmentRegion = en;
			hasScannedForEncodings = 0;
			knownRegions = (
				en,
				Base,
			);
			mainGroup = D9A2C80F25E9A614000104B8;
			productRefGroup = D9A2C81925E9A614000104B8 /* Products */;
			projectDirPath = "";
			projectRoot = "";
			targets = (
				D9A2C81725E9A614000104B8 /* My Flashcards */,
				D9A2C82D25E9A61A000104B8 /* My FlashcardsTests */,
				D9A2C83825E9A61A000104B8 /* My FlashcardsUITests */,
			);
		};
/* End PBXProject section */

/* Begin PBXResourcesBuildPhase section */
		D9A2C81625E9A614000104B8 /* Resources */ = {
			isa = PBXResourcesBuildPhase;
			buildActionMask = 2147483647;
			files = (
				D9A2C82825E9A61A000104B8 /* LaunchScreen.storyboard in Resources */,
				D9A2C82525E9A61A000104B8 /* Assets.xcassets in Resources */,
				D9A2C82325E9A614000104B8 /* Main.storyboard in Resources */,
			);
			runOnlyForDeploymentPostprocessing = 0;
		};
		D9A2C82C25E9A61A000104B8 /* Resources */ = {
			isa = PBXResourcesBuildPhase;
			buildActionMask = 2147483647;
			files = (
			);
			runOnlyForDeploymentPostprocessing = 0;
		};
		D9A2C83725E9A61A000104B8 /* Resources */ = {
			isa = PBXResourcesBuildPhase;
			buildActionMask = 2147483647;
			files = (
			);
			runOnlyForDeploymentPostprocessing = 0;
		};
/* End PBXResourcesBuildPhase section */

/* Begin PBXSourcesBuildPhase section */
		D9A2C81425E9A614000104B8 /* Sources */ = {
			isa = PBXSourcesBuildPhase;
			buildActionMask = 2147483647;
			files = (
				D9A2C82025E9A614000104B8 /* ViewController.swift in Sources */,
				D9A2C81C25E9A614000104B8 /* AppDelegate.swift in Sources */,
				D9A2C81E25E9A614000104B8 /* SceneDelegate.swift in Sources */,
				D9879F3925F8780700243356 /* CreationViewController.swift in Sources */,
			);
			runOnlyForDeploymentPostprocessing = 0;
		};
		D9A2C82A25E9A61A000104B8 /* Sources */ = {
			isa = PBXSourcesBuildPhase;
			buildActionMask = 2147483647;
			files = (
				D9A2C83325E9A61A000104B8 /* My_FlashcardsTests.swift in Sources */,
			);
			runOnlyForDeploymentPostprocessing = 0;
		};
		D9A2C83525E9A61A000104B8 /* Sources */ = {
			isa = PBXSourcesBuildPhase;
			buildActionMask = 2147483647;
			files = (
				D9A2C83E25E9A61A000104B8 /* My_FlashcardsUITests.swift in Sources */,
			);
			runOnlyForDeploymentPostprocessing = 0;
		};
/* End PBXSourcesBuildPhase section */

/* Begin PBXTargetDependency section */
		D9A2C83025E9A61A000104B8 /* PBXTargetDependency */ = {
			isa = PBXTargetDependency;
			target = D9A2C81725E9A614000104B8 /* My Flashcards */;
			targetProxy = D9A2C82F25E9A61A000104B8 /* PBXContainerItemProxy */;
		};
		D9A2C83B25E9A61A000104B8 /* PBXTargetDependency */ = {
			isa = PBXTargetDependency;
			target = D9A2C81725E9A614000104B8 /* My Flashcards */;
			targetProxy = D9A2C83A25E9A61A000104B8 /* PBXContainerItemProxy */;
		};
/* End PBXTargetDependency section */

/* Begin PBXVariantGroup section */
		D9A2C82125E9A614000104B8 /* Main.storyboard */ = {
			isa = PBXVariantGroup;
			children = (
				D9A2C82225E9A614000104B8 /* Base */,
			);
			name = Main.storyboard;
			sourceTree = "<group>";
		};
		D9A2C82625E9A61A000104B8 /* LaunchScreen.storyboard */ = {
			isa = PBXVariantGroup;
			children = (
				D9A2C82725E9A61A000104B8 /* Base */,
			);
			name = LaunchScreen.storyboard;
			sourceTree = "<group>";
		};
/* End PBXVariantGroup section */

/* Begin XCBuildConfiguration section */
		D9A2C84025E9A61A000104B8 /* Debug */ = {
			isa = XCBuildConfiguration;
			buildSettings = {
				ALWAYS_SEARCH_USER_PATHS = NO;
				CLANG_ANALYZER_NONNULL = YES;
				CLANG_ANALYZER_NUMBER_OBJECT_CONVERSION = YES_AGGRESSIVE;
				CLANG_CXX_LANGUAGE_STANDARD = "gnu++14";
				CLANG_CXX_LIBRARY = "libc++";
				CLANG_ENABLE_MODULES = YES;
				CLANG_ENABLE_OBJC_ARC = YES;
				CLANG_ENABLE_OBJC_WEAK = YES;
				CLANG_WARN_BLOCK_CAPTURE_AUTORELEASING = YES;
				CLANG_WARN_BOOL_CONVERSION = YES;
				CLANG_WARN_COMMA = YES;
				CLANG_WARN_CONSTANT_CONVERSION = YES;
				CLANG_WARN_DEPRECATED_OBJC_IMPLEMENTATIONS = YES;
				CLANG_WARN_DIRECT_OBJC_ISA_USAGE = YES_ERROR;
				CLANG_WARN_DOCUMENTATION_COMMENTS = YES;
				CLANG_WARN_EMPTY_BODY = YES;
				CLANG_WARN_ENUM_CONVERSION = YES;
				CLANG_WARN_INFINITE_RECURSION = YES;
				CLANG_WARN_INT_CONVERSION = YES;
				CLANG_WARN_NON_LITERAL_NULL_CONVERSION = YES;
				CLANG_WARN_OBJC_IMPLICIT_RETAIN_SELF = YES;
				CLANG_WARN_OBJC_LITERAL_CONVERSION = YES;
				CLANG_WARN_OBJC_ROOT_CLASS = YES_ERROR;
				CLANG_WARN_QUOTED_INCLUDE_IN_FRAMEWORK_HEADER = YES;
				CLANG_WARN_RANGE_LOOP_ANALYSIS = YES;
				CLANG_WARN_STRICT_PROTOTYPES = YES;
				CLANG_WARN_SUSPICIOUS_MOVE = YES;
				CLANG_WARN_UNGUARDED_AVAILABILITY = YES_AGGRESSIVE;
				CLANG_WARN_UNREACHABLE_CODE = YES;
				CLANG_WARN__DUPLICATE_METHOD_MATCH = YES;
				COPY_PHASE_STRIP = NO;
				DEBUG_INFORMATION_FORMAT = dwarf;
				ENABLE_STRICT_OBJC_MSGSEND = YES;
				ENABLE_TESTABILITY = YES;
				GCC_C_LANGUAGE_STANDARD = gnu11;
				GCC_DYNAMIC_NO_PIC = NO;
				GCC_NO_COMMON_BLOCKS = YES;
				GCC_OPTIMIZATION_LEVEL = 0;
				GCC_PREPROCESSOR_DEFINITIONS = (
					"DEBUG=1",
					"$(inherited)",
				);
				GCC_WARN_64_TO_32_BIT_CONVERSION = YES;
				GCC_WARN_ABOUT_RETURN_TYPE = YES_ERROR;
				GCC_WARN_UNDECLARED_SELECTOR = YES;
				GCC_WARN_UNINITIALIZED_AUTOS = YES_AGGRESSIVE;
				GCC_WARN_UNUSED_FUNCTION = YES;
				GCC_WARN_UNUSED_VARIABLE = YES;
				IPHONEOS_DEPLOYMENT_TARGET = 14.4;
				MTL_ENABLE_DEBUG_INFO = INCLUDE_SOURCE;
				MTL_FAST_MATH = YES;
				ONLY_ACTIVE_ARCH = YES;
				SDKROOT = iphoneos;
				SWIFT_ACTIVE_COMPILATION_CONDITIONS = DEBUG;
				SWIFT_OPTIMIZATION_LEVEL = "-Onone";
			};
			name = Debug;
		};
		D9A2C84125E9A61A000104B8 /* Release */ = {
			isa = XCBuildConfiguration;
			buildSettings = {
				ALWAYS_SEARCH_USER_PATHS = NO;
				CLANG_ANALYZER_NONNULL = YES;
				CLANG_ANALYZER_NUMBER_OBJECT_CONVERSION = YES_AGGRESSIVE;
				CLANG_CXX_LANGUAGE_STANDARD = "gnu++14";
				CLANG_CXX_LIBRARY = "libc++";
				CLANG_ENABLE_MODULES = YES;
				CLANG_ENABLE_OBJC_ARC = YES;
				CLANG_ENABLE_OBJC_WEAK = YES;
				CLANG_WARN_BLOCK_CAPTURE_AUTORELEASING = YES;
				CLANG_WARN_BOOL_CONVERSION = YES;
				CLANG_WARN_COMMA = YES;
				CLANG_WARN_CONSTANT_CONVERSION = YES;
				CLANG_WARN_DEPRECATED_OBJC_IMPLEMENTATIONS = YES;
				CLANG_WARN_DIRECT_OBJC_ISA_USAGE = YES_ERROR;
				CLANG_WARN_DOCUMENTATION_COMMENTS = YES;
				CLANG_WARN_EMPTY_BODY = YES;
				CLANG_WARN_ENUM_CONVERSION = YES;
				CLANG_WARN_INFINITE_RECURSION = YES;
				CLANG_WARN_INT_CONVERSION = YES;
				CLANG_WARN_NON_LITERAL_NULL_CONVERSION = YES;
				CLANG_WARN_OBJC_IMPLICIT_RETAIN_SELF = YES;
				CLANG_WARN_OBJC_LITERAL_CONVERSION = YES;
				CLANG_WARN_OBJC_ROOT_CLASS = YES_ERROR;
				CLANG_WARN_QUOTED_INCLUDE_IN_FRAMEWORK_HEADER = YES;
				CLANG_WARN_RANGE_LOOP_ANALYSIS = YES;
				CLANG_WARN_STRICT_PROTOTYPES = YES;
				CLANG_WARN_SUSPICIOUS_MOVE = YES;
				CLANG_WARN_UNGUARDED_AVAILABILITY = YES_AGGRESSIVE;
				CLANG_WARN_UNREACHABLE_CODE = YES;
				CLANG_WARN__DUPLICATE_METHOD_MATCH = YES;
				COPY_PHASE_STRIP = NO;
				DEBUG_INFORMATION_FORMAT = "dwarf-with-dsym";
				ENABLE_NS_ASSERTIONS = NO;
				ENABLE_STRICT_OBJC_MSGSEND = YES;
				GCC_C_LANGUAGE_STANDARD = gnu11;
				GCC_NO_COMMON_BLOCKS = YES;
				GCC_WARN_64_TO_32_BIT_CONVERSION = YES;
				GCC_WARN_ABOUT_RETURN_TYPE = YES_ERROR;
				GCC_WARN_UNDECLARED_SELECTOR = YES;
				GCC_WARN_UNINITIALIZED_AUTOS = YES_AGGRESSIVE;
				GCC_WARN_UNUSED_FUNCTION = YES;
				GCC_WARN_UNUSED_VARIABLE = YES;
				IPHONEOS_DEPLOYMENT_TARGET = 14.4;
				MTL_ENABLE_DEBUG_INFO = NO;
				MTL_FAST_MATH = YES;
				SDKROOT = iphoneos;
				SWIFT_COMPILATION_MODE = wholemodule;
				SWIFT_OPTIMIZATION_LEVEL = "-O";
				VALIDATE_PRODUCT = YES;
			};
			name = Release;
		};
		D9A2C84325E9A61A000104B8 /* Debug */ = {
			isa = XCBuildConfiguration;
			buildSettings = {
				ASSETCATALOG_COMPILER_APPICON_NAME = AppIcon;
				ASSETCATALOG_COMPILER_GLOBAL_ACCENT_COLOR_NAME = AccentColor;
				CODE_SIGN_STYLE = Automatic;
				INFOPLIST_FILE = "My Flashcards/Info.plist";
				LD_RUNPATH_SEARCH_PATHS = (
					"$(inherited)",
					"@executable_path/Frameworks",
				);
				PRODUCT_BUNDLE_IDENTIFIER = "com.nicholasoduma.My-Flashcards";
				PRODUCT_NAME = "$(TARGET_NAME)";
				SWIFT_VERSION = 5.0;
				TARGETED_DEVICE_FAMILY = "1,2";
			};
			name = Debug;
		};
		D9A2C84425E9A61A000104B8 /* Release */ = {
			isa = XCBuildConfiguration;
			buildSettings = {
				ASSETCATALOG_COMPILER_APPICON_NAME = AppIcon;
				ASSETCATALOG_COMPILER_GLOBAL_ACCENT_COLOR_NAME = AccentColor;
				CODE_SIGN_STYLE = Automatic;
				INFOPLIST_FILE = "My Flashcards/Info.plist";
				LD_RUNPATH_SEARCH_PATHS = (
					"$(inherited)",
					"@executable_path/Frameworks",
				);
				PRODUCT_BUNDLE_IDENTIFIER = "com.nicholasoduma.My-Flashcards";
				PRODUCT_NAME = "$(TARGET_NAME)";
				SWIFT_VERSION = 5.0;
				TARGETED_DEVICE_FAMILY = "1,2";
			};
			name = Release;
		};
		D9A2C84625E9A61A000104B8 /* Debug */ = {
			isa = XCBuildConfiguration;
			buildSettings = {
				ALWAYS_EMBED_SWIFT_STANDARD_LIBRARIES = YES;
				BUNDLE_LOADER = "$(TEST_HOST)";
				CODE_SIGN_STYLE = Automatic;
				INFOPLIST_FILE = "My FlashcardsTests/Info.plist";
				IPHONEOS_DEPLOYMENT_TARGET = 14.4;
				LD_RUNPATH_SEARCH_PATHS = (
					"$(inherited)",
					"@executable_path/Frameworks",
					"@loader_path/Frameworks",
				);
				PRODUCT_BUNDLE_IDENTIFIER = "com.nicholasoduma.My-FlashcardsTests";
				PRODUCT_NAME = "$(TARGET_NAME)";
				SWIFT_VERSION = 5.0;
				TARGETED_DEVICE_FAMILY = "1,2";
				TEST_HOST = "$(BUILT_PRODUCTS_DIR)/My Flashcards.app/My Flashcards";
			};
			name = Debug;
		};
		D9A2C84725E9A61A000104B8 /* Release */ = {
			isa = XCBuildConfiguration;
			buildSettings = {
				ALWAYS_EMBED_SWIFT_STANDARD_LIBRARIES = YES;
				BUNDLE_LOADER = "$(TEST_HOST)";
				CODE_SIGN_STYLE = Automatic;
				INFOPLIST_FILE = "My FlashcardsTests/Info.plist";
				IPHONEOS_DEPLOYMENT_TARGET = 14.4;
				LD_RUNPATH_SEARCH_PATHS = (
					"$(inherited)",
					"@executable_path/Frameworks",
					"@loader_path/Frameworks",
				);
				PRODUCT_BUNDLE_IDENTIFIER = "com.nicholasoduma.My-FlashcardsTests";
				PRODUCT_NAME = "$(TARGET_NAME)";
				SWIFT_VERSION = 5.0;
				TARGETED_DEVICE_FAMILY = "1,2";
				TEST_HOST = "$(BUILT_PRODUCTS_DIR)/My Flashcards.app/My Flashcards";
			};
			name = Release;
		};
		D9A2C84925E9A61A000104B8 /* Debug */ = {
			isa = XCBuildConfiguration;
			buildSettings = {
				ALWAYS_EMBED_SWIFT_STANDARD_LIBRARIES = YES;
				CODE_SIGN_STYLE = Automatic;
				INFOPLIST_FILE = "My FlashcardsUITests/Info.plist";
				LD_RUNPATH_SEARCH_PATHS = (
					"$(inherited)",
					"@executable_path/Frameworks",
					"@loader_path/Frameworks",
				);
				PRODUCT_BUNDLE_IDENTIFIER = "com.nicholasoduma.My-FlashcardsUITests";
				PRODUCT_NAME = "$(TARGET_NAME)";
				SWIFT_VERSION = 5.0;
				TARGETED_DEVICE_FAMILY = "1,2";
				TEST_TARGET_NAME = "My Flashcards";
			};
			name = Debug;
		};
		D9A2C84A25E9A61A000104B8 /* Release */ = {
			isa = XCBuildConfiguration;
			buildSettings = {
				ALWAYS_EMBED_SWIFT_STANDARD_LIBRARIES = YES;
				CODE_SIGN_STYLE = Automatic;
				INFOPLIST_FILE = "My FlashcardsUITests/Info.plist";
				LD_RUNPATH_SEARCH_PATHS = (
					"$(inherited)",
					"@executable_path/Frameworks",
					"@loader_path/Frameworks",
				);
				PRODUCT_BUNDLE_IDENTIFIER = "com.nicholasoduma.My-FlashcardsUITests";
				PRODUCT_NAME = "$(TARGET_NAME)";
				SWIFT_VERSION = 5.0;
				TARGETED_DEVICE_FAMILY = "1,2";
				TEST_TARGET_NAME = "My Flashcards";
			};
			name = Release;
		};
/* End XCBuildConfiguration section */

/* Begin XCConfigurationList section */
		D9A2C81325E9A614000104B8 /* Build configuration list for PBXProject "My Flashcards" */ = {
			isa = XCConfigurationList;
			buildConfigurations = (
				D9A2C84025E9A61A000104B8 /* Debug */,
				D9A2C84125E9A61A000104B8 /* Release */,
			);
			defaultConfigurationIsVisible = 0;
			defaultConfigurationName = Release;
		};
		D9A2C84225E9A61A000104B8 /* Build configuration list for PBXNativeTarget "My Flashcards" */ = {
			isa = XCConfigurationList;
			buildConfigurations = (
				D9A2C84325E9A61A000104B8 /* Debug */,
				D9A2C84425E9A61A000104B8 /* Release */,
			);
			defaultConfigurationIsVisible = 0;
			defaultConfigurationName = Release;
		};
		D9A2C84525E9A61A000104B8 /* Build configuration list for PBXNativeTarget "My FlashcardsTests" */ = {
			isa = XCConfigurationList;
			buildConfigurations = (
				D9A2C84625E9A61A000104B8 /* Debug */,
				D9A2C84725E9A61A000104B8 /* Release */,
			);
			defaultConfigurationIsVisible = 0;
			defaultConfigurationName = Release;
		};
		D9A2C84825E9A61A000104B8 /* Build configuration list for PBXNativeTarget "My FlashcardsUITests" */ = {
			isa = XCConfigurationList;
			buildConfigurations = (
				D9A2C84925E9A61A000104B8 /* Debug */,
				D9A2C84A25E9A61A000104B8 /* Release */,
			);
			defaultConfigurationIsVisible = 0;
			defaultConfigurationName = Release;
		};
/* End XCConfigurationList section */
	};
	rootObject = D9A2C81025E9A614000104B8 /* Project object */;
}
